
Microsoft Visual Studio Solution File, Format Version 12.00
# Visual Studio Version 16
VisualStudioVersion = 16.0.28809.33
MinimumVisualStudioVersion = 10.0.40219.1
Project("{FAE04EC0-301F-11D3-BF4B-00C04F79EFBC}") = "Prestige.RoyalRent.Common", "Prestige.RoyalRent.Common\Prestige.RoyalRent.Common.csproj", "{AE04E6A5-DFC7-43F1-9CEE-FF2D29EF023E}"
EndProject
Project("{FAE04EC0-301F-11D3-BF4B-00C04F79EFBC}") = "Prestige.RoyalRent.Client.Business", "Prestige.RoyalRent.Client.Business\Prestige.RoyalRent.Client.Business.csproj", "{CAE41688-5803-4E3D-BCE3-F816C38CA326}"
EndProject
Project("{FAE04EC0-301F-11D3-BF4B-00C04F79EFBC}") = "Prestige.RoyalRent.Client.Console", "Prestige.RoyalRent.Client.Console\Prestige.RoyalRent.Client.Console.csproj", "{9DFBB745-16E9-47FA-BDDB-00F2E028BCF6}"
EndProject
Project("{9A19103F-16F7-4668-BE54-9A1E7A4F7556}") = "Prestige.RoyalRent.Api", "Prestige.RoyalRent.Api\Prestige.RoyalRent.Api.csproj", "{B31977ED-AD33-4977-87C1-C39C3E16AF46}"
EndProject
Project("{FAE04EC0-301F-11D3-BF4B-00C04F79EFBC}") = "ExampleConfiguration", "ExampleConfiguration\ExampleConfiguration.csproj", "{FF458B9F-EE0C-4D6E-9E8B-3B311B239E30}"
EndProject
Global
	GlobalSection(SolutionConfigurationPlatforms) = preSolution
		Debug|Any CPU = Debug|Any CPU
		Release|Any CPU = Release|Any CPU
	EndGlobalSection
	GlobalSection(ProjectConfigurationPlatforms) = postSolution
		{AE04E6A5-DFC7-43F1-9CEE-FF2D29EF023E}.Debug|Any CPU.ActiveCfg = Debug|Any CPU
		{AE04E6A5-DFC7-43F1-9CEE-FF2D29EF023E}.Debug|Any CPU.Build.0 = Debug|Any CPU
		{AE04E6A5-DFC7-43F1-9CEE-FF2D29EF023E}.Release|Any CPU.ActiveCfg = Release|Any CPU
		{AE04E6A5-DFC7-43F1-9CEE-FF2D29EF023E}.Release|Any CPU.Build.0 = Release|Any CPU
		{CAE41688-5803-4E3D-BCE3-F816C38CA326}.Debug|Any CPU.ActiveCfg = Debug|Any CPU
		{CAE41688-5803-4E3D-BCE3-F816C38CA326}.Debug|Any CPU.Build.0 = Debug|Any CPU
		{CAE41688-5803-4E3D-BCE3-F816C38CA326}.Release|Any CPU.ActiveCfg = Release|Any CPU
		{CAE41688-5803-4E3D-BCE3-F816C38CA326}.Release|Any CPU.Build.0 = Release|Any CPU
		{9DFBB745-16E9-47FA-BDDB-00F2E028BCF6}.Debug|Any CPU.ActiveCfg = Debug|Any CPU
		{9DFBB745-16E9-47FA-BDDB-00F2E028BCF6}.Debug|Any CPU.Build.0 = Debug|Any CPU
		{9DFBB745-16E9-47FA-BDDB-00F2E028BCF6}.Release|Any CPU.ActiveCfg = Release|Any CPU
		{9DFBB745-16E9-47FA-BDDB-00F2E028BCF6}.Release|Any CPU.Build.0 = Release|Any CPU
		{B31977ED-AD33-4977-87C1-C39C3E16AF46}.Debug|Any CPU.ActiveCfg = Debug|Any CPU
		{B31977ED-AD33-4977-87C1-C39C3E16AF46}.Debug|Any CPU.Build.0 = Debug|Any CPU
		{B31977ED-AD33-4977-87C1-C39C3E16AF46}.Release|Any CPU.ActiveCfg = Release|Any CPU
		{B31977ED-AD33-4977-87C1-C39C3E16AF46}.Release|Any CPU.Build.0 = Release|Any CPU
		{FF458B9F-EE0C-4D6E-9E8B-3B311B239E30}.Debug|Any CPU.ActiveCfg = Debug|Any CPU
		{FF458B9F-EE0C-4D6E-9E8B-3B311B239E30}.Debug|Any CPU.Build.0 = Debug|Any CPU
		{FF458B9F-EE0C-4D6E-9E8B-3B311B239E30}.Release|Any CPU.ActiveCfg = Release|Any CPU
		{FF458B9F-EE0C-4D6E-9E8B-3B311B239E30}.Release|Any CPU.Build.0 = Release|Any CPU
	EndGlobalSection
	GlobalSection(SolutionProperties) = preSolution
		HideSolutionNode = FALSE
	EndGlobalSection
	GlobalSection(ExtensibilityGlobals) = postSolution
		SolutionGuid = {5E0EC491-9392-446F-B493-77C039A80410}
	EndGlobalSection
EndGlobal
